
Microsoft Visual Studio Solution File, Format Version 12.00
# Visual Studio Version 17
VisualStudioVersion = 17.5.002.0
MinimumVisualStudioVersion = 10.0.40219.1
Project("{9A19103F-16F7-4668-BE54-9A1E7A4F7556}") = "JeanEdward.Test", "JeanEdward.Test\JeanEdward.Test.csproj", "{1800D29D-4277-4350-8823-9948B5C074EF}"
EndProject
Project("{9A19103F-16F7-4668-BE54-9A1E7A4F7556}") = "jean-edwards", "JeanEdward.Web\jean-edwards.csproj", "{79EDDF7C-EA61-4B94-B3B2-B66AA16A2224}"
EndProject
Global
	GlobalSection(SolutionConfigurationPlatforms) = preSolution
		Debug|Any CPU = Debug|Any CPU
		Release|Any CPU = Release|Any CPU
	EndGlobalSection
	GlobalSection(ProjectConfigurationPlatforms) = postSolution
		{1800D29D-4277-4350-8823-9948B5C074EF}.Debug|Any CPU.ActiveCfg = Debug|Any CPU
		{1800D29D-4277-4350-8823-9948B5C074EF}.Debug|Any CPU.Build.0 = Debug|Any CPU
		{1800D29D-4277-4350-8823-9948B5C074EF}.Release|Any CPU.ActiveCfg = Release|Any CPU
		{1800D29D-4277-4350-8823-9948B5C074EF}.Release|Any CPU.Build.0 = Release|Any CPU
		{79EDDF7C-EA61-4B94-B3B2-B66AA16A2224}.Debug|Any CPU.ActiveCfg = Debug|Any CPU
		{79EDDF7C-EA61-4B94-B3B2-B66AA16A2224}.Debug|Any CPU.Build.0 = Debug|Any CPU
		{79EDDF7C-EA61-4B94-B3B2-B66AA16A2224}.Release|Any CPU.ActiveCfg = Release|Any CPU
		{79EDDF7C-EA61-4B94-B3B2-B66AA16A2224}.Release|Any CPU.Build.0 = Release|Any CPU
	EndGlobalSection
	GlobalSection(SolutionProperties) = preSolution
		HideSolutionNode = FALSE
	EndGlobalSection
	GlobalSection(ExtensibilityGlobals) = postSolution
		SolutionGuid = {238024B5-14F9-400E-9814-5743B51DDD3D}
	EndGlobalSection
EndGlobal
